<?xml version="1.0" encoding="utf-8"?>
<Project ToolsVersion="4.0" xmlns="http://schemas.microsoft.com/developer/msbuild/2003">
  <ItemGroup>
    <Filter Include="Source Files">
      <UniqueIdentifier>{fba130de-6d43-4317-bfba-e9f9149c3f28}</UniqueIdentifier>
    </Filter>
    <Filter Include="Source Files\Hooks">
      <UniqueIdentifier>{f06da059-234d-44e1-81ee-ca817df6db58}</UniqueIdentifier>
    </Filter>
    <Filter Include="Header">
      <UniqueIdentifier>{3bbcfbb1-cd5e-40af-9ab3-83f248dc4491}</UniqueIdentifier>
    </Filter>
    <Filter Include="Resource Files">
      <UniqueIdentifier>{aad8c32b-d6a5-45c3-ae0f-c8babcaba0dc}</UniqueIdentifier>
      <Extensions>ico;cur;bmp;dlg;rc2;rct;bin;rgs;gif;jpg;jpeg;jpe</Extensions>
    </Filter>
    <Filter Include="Shared">
      <UniqueIdentifier>{1e0968d1-f433-43e6-88b0-57223402ae0a}</UniqueIdentifier>
    </Filter>
  </ItemGroup>
  <ItemGroup>
    <ClCompile Include="GetText.cpp">
      <Filter>Source Files</Filter>
    </ClCompile>
    <ClCompile Include="Translation Aggregator dll.cpp">
      <Filter>Source Files</Filter>
    </ClCompile>
    <ClCompile Include="WindowTranslator.cpp">
      <Filter>Source Files</Filter>
    </ClCompile>
    <ClCompile Include="Hooks\disasm.cpp">
      <Filter>Source Files\Hooks</Filter>
    </ClCompile>
    <ClCompile Include="Hooks\HookManager.cpp">
      <Filter>Source Files\Hooks</Filter>
    </ClCompile>
    <ClCompile Include="Hooks\TextHooks.cpp">
      <Filter>Source Files\Hooks</Filter>
    </ClCompile>
    <ClCompile Include="..\shared\Shrink.cpp">
      <Filter>Header</Filter>
    </ClCompile>
    <ClCompile Include="..\shared\Atlas.cpp">
      <Filter>Shared</Filter>
    </ClCompile>
    <ClCompile Include="..\shared\ConversionTable.cpp">
      <Filter>Shared</Filter>
    </ClCompile>
    <ClCompile Include="..\shared\DllInjection.cpp">
      <Filter>Shared</Filter>
    </ClCompile>
    <ClCompile Include="..\shared\HookEval.cpp">
      <Filter>Shared</Filter>
    </ClCompile>
    <ClCompile Include="..\shared\ProcessUtil.cpp">
      <Filter>Shared</Filter>
    </ClCompile>
    <ClCompile Include="..\shared\StringUtil.cpp">
      <Filter>Shared</Filter>
    </ClCompile>
    <ClCompile Include="..\shared\TextHookParser.cpp">
      <Filter>Shared</Filter>
    </ClCompile>
    <ClCompile Include="..\shared\TextRuleSet.cpp">
      <Filter>Shared</Filter>
    </ClCompile>
  </ItemGroup>
  <ItemGroup>
    <ClInclude Include="GetText.h">
      <Filter>Source Files</Filter>
    </ClInclude>
    <ClInclude Include="WindowTranslator.h">
      <Filter>Source Files</Filter>
    </ClInclude>
    <ClInclude Include="Hooks\disasm.h">
      <Filter>Source Files\Hooks</Filter>
    </ClInclude>
    <ClInclude Include="Hooks\HookManager.h">
      <Filter>Source Files\Hooks</Filter>
    </ClInclude>
    <ClInclude Include="Hooks\TextHooks.h">
      <Filter>Source Files\Hooks</Filter>
    </ClInclude>
    <ClInclude Include="..\shared\Shrink.h">
      <Filter>Header</Filter>
    </ClInclude>
    <ClInclude Include="..\shared\Atlas.h">
      <Filter>Shared</Filter>
    </ClInclude>
    <ClInclude Include="..\shared\ConversionTable.h">
      <Filter>Shared</Filter>
    </ClInclude>
    <ClInclude Include="..\shared\DllInjection.h">
      <Filter>Shared</Filter>
    </ClInclude>
    <ClInclude Include="..\shared\HookEval.h">
      <Filter>Shared</Filter>
    </ClInclude>
    <ClInclude Include="..\shared\InjectionSettings.h">
      <Filter>Shared</Filter>
    </ClInclude>
    <ClInclude Include="..\shared\ProcessUtil.h">
      <Filter>Shared</Filter>
    </ClInclude>
    <ClInclude Include="..\shared\StringUtil.h">
      <Filter>Shared</Filter>
    </ClInclude>
    <ClInclude Include="..\shared\TAPlugin.h">
      <Filter>Shared</Filter>
    </ClInclude>
    <ClInclude Include="..\shared\TextHookParser.h">
      <Filter>Shared</Filter>
    </ClInclude>
    <ClInclude Include="..\shared\TextRuleSet.h">
      <Filter>Shared</Filter>
    </ClInclude>
    <ClInclude Include="resource.h" />
  </ItemGroup>
  <ItemGroup>
    <ResourceCompile Include="Translation Aggregator dll.rc" />
  </ItemGroup>
</Project>